
Microsoft Visual Studio Solution File, Format Version 12.00
# Visual Studio Version 17
VisualStudioVersion = 17.5.33424.131
MinimumVisualStudioVersion = 10.0.40219.1
Project("{9A19103F-16F7-4668-BE54-9A1E7A4F7556}") = "YoutubeViewers.WPF", "YoutubeViewers.WPF\YoutubeViewers.WPF.csproj", "{E2FDD060-E0AB-43F4-B3F2-6FD07FE54C55}"
EndProject
Project("{FAE04EC0-301F-11D3-BF4B-00C04F79EFBC}") = "YoutubeViewers.EntityFramework", "YoutubeViewers.EntityFramework\YoutubeViewers.EntityFramework.csproj", "{1D2E3450-3095-47FF-8752-74003ED58619}"
EndProject
Project("{FAE04EC0-301F-11D3-BF4B-00C04F79EFBC}") = "YoutubeViewers.Domain", "YoutubeViewers.Domain\YoutubeViewers.Domain.csproj", "{4CF8532C-DC86-4926-A739-54F9AEA60B5E}"
EndProject
Global
	GlobalSection(SolutionConfigurationPlatforms) = preSolution
		Debug|Any CPU = Debug|Any CPU
		Release|Any CPU = Release|Any CPU
	EndGlobalSection
	GlobalSection(ProjectConfigurationPlatforms) = postSolution
		{E2FDD060-E0AB-43F4-B3F2-6FD07FE54C55}.Debug|Any CPU.ActiveCfg = Debug|Any CPU
		{E2FDD060-E0AB-43F4-B3F2-6FD07FE54C55}.Debug|Any CPU.Build.0 = Debug|Any CPU
		{E2FDD060-E0AB-43F4-B3F2-6FD07FE54C55}.Release|Any CPU.ActiveCfg = Release|Any CPU
		{E2FDD060-E0AB-43F4-B3F2-6FD07FE54C55}.Release|Any CPU.Build.0 = Release|Any CPU
		{1D2E3450-3095-47FF-8752-74003ED58619}.Debug|Any CPU.ActiveCfg = Debug|Any CPU
		{1D2E3450-3095-47FF-8752-74003ED58619}.Debug|Any CPU.Build.0 = Debug|Any CPU
		{1D2E3450-3095-47FF-8752-74003ED58619}.Release|Any CPU.ActiveCfg = Release|Any CPU
		{1D2E3450-3095-47FF-8752-74003ED58619}.Release|Any CPU.Build.0 = Release|Any CPU
		{4CF8532C-DC86-4926-A739-54F9AEA60B5E}.Debug|Any CPU.ActiveCfg = Debug|Any CPU
		{4CF8532C-DC86-4926-A739-54F9AEA60B5E}.Debug|Any CPU.Build.0 = Debug|Any CPU
		{4CF8532C-DC86-4926-A739-54F9AEA60B5E}.Release|Any CPU.ActiveCfg = Release|Any CPU
		{4CF8532C-DC86-4926-A739-54F9AEA60B5E}.Release|Any CPU.Build.0 = Release|Any CPU
	EndGlobalSection
	GlobalSection(SolutionProperties) = preSolution
		HideSolutionNode = FALSE
	EndGlobalSection
	GlobalSection(ExtensibilityGlobals) = postSolution
		SolutionGuid = {4DD67FA6-EEA6-4500-BD41-DCE7C00B7770}
	EndGlobalSection
EndGlobal
